// !$*UTF8*$!
{
	archiveVersion = 1;
	classes = {
	};
	objectVersion = 56;
	objects = {

/* Begin PBXBuildFile section */
		2E5A1B312AE4584800ED00F4 /* CryptoTableViewCell.swift in Sources */ = {isa = PBXBuildFile; fileRef = 2E5A1B302AE4584800ED00F4 /* CryptoTableViewCell.swift */; };
		2E7FB4B92AEC401100903819 /* FavoritesManager.swift in Sources */ = {isa = PBXBuildFile; fileRef = 2E7FB4B82AEC401100903819 /* FavoritesManager.swift */; };
		2E883C482AE84EDD00068659 /* DetailTableViewCell.swift in Sources */ = {isa = PBXBuildFile; fileRef = 2E883C472AE84EDD00068659 /* DetailTableViewCell.swift */; };
		2ECB3A7E2AE321FA009EAA9C /* CryptoDetailViewController.swift in Sources */ = {isa = PBXBuildFile; fileRef = 2ECB3A7D2AE321FA009EAA9C /* CryptoDetailViewController.swift */; };
		B06612332AE01EBC00823736 /* CryptoListPresenter.swift in Sources */ = {isa = PBXBuildFile; fileRef = B06612322AE01EBC00823736 /* CryptoListPresenter.swift */; };
		B06612352AE01ECB00823736 /* CryptoListContrarct.swift in Sources */ = {isa = PBXBuildFile; fileRef = B06612342AE01ECB00823736 /* CryptoListContrarct.swift */; };
		B06612372AE01EE800823736 /* CryptoLsitViewController.swift in Sources */ = {isa = PBXBuildFile; fileRef = B06612362AE01EE800823736 /* CryptoLsitViewController.swift */; };
		B06612392AE027FD00823736 /* CryptoListModel.swift in Sources */ = {isa = PBXBuildFile; fileRef = B06612382AE027FD00823736 /* CryptoListModel.swift */; };
		B08A0C312ABDDA7600DC8FC3 /* AppDelegate.swift in Sources */ = {isa = PBXBuildFile; fileRef = B08A0C302ABDDA7600DC8FC3 /* AppDelegate.swift */; };
		B08A0C352ABDDA7600DC8FC3 /* ViewController.swift in Sources */ = {isa = PBXBuildFile; fileRef = B08A0C342ABDDA7600DC8FC3 /* ViewController.swift */; };
		B08A0C3A2ABDDA7700DC8FC3 /* Assets.xcassets in Resources */ = {isa = PBXBuildFile; fileRef = B08A0C392ABDDA7700DC8FC3 /* Assets.xcassets */; };
		B08A0C462ABDDB4B00DC8FC3 /* Alamofire in Frameworks */ = {isa = PBXBuildFile; productRef = B08A0C452ABDDB4B00DC8FC3 /* Alamofire */; };
		B08A0C482ABDDB6600DC8FC3 /* NetworkManager.swift in Sources */ = {isa = PBXBuildFile; fileRef = B08A0C472ABDDB6600DC8FC3 /* NetworkManager.swift */; };
		B08A0C4B2ABDDFE300DC8FC3 /* Kingfisher in Frameworks */ = {isa = PBXBuildFile; productRef = B08A0C4A2ABDDFE300DC8FC3 /* Kingfisher */; };
		B08A0C4E2ABDE08000DC8FC3 /* SnapKit in Frameworks */ = {isa = PBXBuildFile; productRef = B08A0C4D2ABDE08000DC8FC3 /* SnapKit */; };
		B09688BE2ADA8F2900D57094 /* PlanetModel.swift in Sources */ = {isa = PBXBuildFile; fileRef = B09688BD2ADA8F2900D57094 /* PlanetModel.swift */; };
		B09688C02ADA95AA00D57094 /* PlanetsScreenPresenter.swift in Sources */ = {isa = PBXBuildFile; fileRef = B09688BF2ADA95AA00D57094 /* PlanetsScreenPresenter.swift */; };
		B09688C22ADA95E800D57094 /* PlanetScreeContract.swift in Sources */ = {isa = PBXBuildFile; fileRef = B09688C12ADA95E800D57094 /* PlanetScreeContract.swift */; };
		B09E14482AC5C329008FC1A7 /* ViewControllerB.swift in Sources */ = {isa = PBXBuildFile; fileRef = B09E14472AC5C329008FC1A7 /* ViewControllerB.swift */; };
		B09E144C2AC5CB15008FC1A7 /* CustomImageView.swift in Sources */ = {isa = PBXBuildFile; fileRef = B09E144B2AC5CB15008FC1A7 /* CustomImageView.swift */; };
/* End PBXBuildFile section */

/* Begin PBXFileReference section */
		2E5A1B302AE4584800ED00F4 /* CryptoTableViewCell.swift */ = {isa = PBXFileReference; lastKnownFileType = sourcecode.swift; path = CryptoTableViewCell.swift; sourceTree = "<group>"; };
		2E7FB4B82AEC401100903819 /* FavoritesManager.swift */ = {isa = PBXFileReference; lastKnownFileType = sourcecode.swift; path = FavoritesManager.swift; sourceTree = "<group>"; };
		2E883C472AE84EDD00068659 /* DetailTableViewCell.swift */ = {isa = PBXFileReference; lastKnownFileType = sourcecode.swift; path = DetailTableViewCell.swift; sourceTree = "<group>"; };
		2ECB3A7D2AE321FA009EAA9C /* CryptoDetailViewController.swift */ = {isa = PBXFileReference; lastKnownFileType = sourcecode.swift; path = CryptoDetailViewController.swift; sourceTree = "<group>"; };
		B06612322AE01EBC00823736 /* CryptoListPresenter.swift */ = {isa = PBXFileReference; lastKnownFileType = sourcecode.swift; path = CryptoListPresenter.swift; sourceTree = "<group>"; };
		B06612342AE01ECB00823736 /* CryptoListContrarct.swift */ = {isa = PBXFileReference; lastKnownFileType = sourcecode.swift; path = CryptoListContrarct.swift; sourceTree = "<group>"; };
		B06612362AE01EE800823736 /* CryptoLsitViewController.swift */ = {isa = PBXFileReference; lastKnownFileType = sourcecode.swift; path = CryptoLsitViewController.swift; sourceTree = "<group>"; };
		B06612382AE027FD00823736 /* CryptoListModel.swift */ = {isa = PBXFileReference; lastKnownFileType = sourcecode.swift; path = CryptoListModel.swift; sourceTree = "<group>"; };
		B08A0C2D2ABDDA7600DC8FC3 /* LearningProject.app */ = {isa = PBXFileReference; explicitFileType = wrapper.application; includeInIndex = 0; path = LearningProject.app; sourceTree = BUILT_PRODUCTS_DIR; };
		B08A0C302ABDDA7600DC8FC3 /* AppDelegate.swift */ = {isa = PBXFileReference; lastKnownFileType = sourcecode.swift; path = AppDelegate.swift; sourceTree = "<group>"; };
		B08A0C342ABDDA7600DC8FC3 /* ViewController.swift */ = {isa = PBXFileReference; lastKnownFileType = sourcecode.swift; path = ViewController.swift; sourceTree = "<group>"; };
		B08A0C392ABDDA7700DC8FC3 /* Assets.xcassets */ = {isa = PBXFileReference; lastKnownFileType = folder.assetcatalog; path = Assets.xcassets; sourceTree = "<group>"; };
		B08A0C3E2ABDDA7700DC8FC3 /* Info.plist */ = {isa = PBXFileReference; lastKnownFileType = text.plist.xml; path = Info.plist; sourceTree = "<group>"; };
		B08A0C472ABDDB6600DC8FC3 /* NetworkManager.swift */ = {isa = PBXFileReference; lastKnownFileType = sourcecode.swift; path = NetworkManager.swift; sourceTree = "<group>"; };
		B09688BD2ADA8F2900D57094 /* PlanetModel.swift */ = {isa = PBXFileReference; lastKnownFileType = sourcecode.swift; path = PlanetModel.swift; sourceTree = "<group>"; };
		B09688BF2ADA95AA00D57094 /* PlanetsScreenPresenter.swift */ = {isa = PBXFileReference; lastKnownFileType = sourcecode.swift; path = PlanetsScreenPresenter.swift; sourceTree = "<group>"; };
		B09688C12ADA95E800D57094 /* PlanetScreeContract.swift */ = {isa = PBXFileReference; lastKnownFileType = sourcecode.swift; path = PlanetScreeContract.swift; sourceTree = "<group>"; };
		B09E14472AC5C329008FC1A7 /* ViewControllerB.swift */ = {isa = PBXFileReference; lastKnownFileType = sourcecode.swift; path = ViewControllerB.swift; sourceTree = "<group>"; };
		B09E144B2AC5CB15008FC1A7 /* CustomImageView.swift */ = {isa = PBXFileReference; lastKnownFileType = sourcecode.swift; path = CustomImageView.swift; sourceTree = "<group>"; };
/* End PBXFileReference section */

/* Begin PBXFrameworksBuildPhase section */
		B08A0C2A2ABDDA7600DC8FC3 /* Frameworks */ = {
			isa = PBXFrameworksBuildPhase;
			buildActionMask = 2147483647;
			files = (
				B08A0C4E2ABDE08000DC8FC3 /* SnapKit in Frameworks */,
				B08A0C4B2ABDDFE300DC8FC3 /* Kingfisher in Frameworks */,
				B08A0C462ABDDB4B00DC8FC3 /* Alamofire in Frameworks */,
			);
			runOnlyForDeploymentPostprocessing = 0;
		};
/* End PBXFrameworksBuildPhase section */

/* Begin PBXGroup section */
		2E7FB4B72AEC24D600903819 /* CryptoDetailScreen */ = {
			isa = PBXGroup;
			children = (
				2ECB3A7D2AE321FA009EAA9C /* CryptoDetailViewController.swift */,
				2E883C472AE84EDD00068659 /* DetailTableViewCell.swift */,
			);
			path = CryptoDetailScreen;
			sourceTree = "<group>";
		};
		B06612302AE01E7D00823736 /* PlanetsScreen */ = {
			isa = PBXGroup;
			children = (
				B09688BD2ADA8F2900D57094 /* PlanetModel.swift */,
				B09688C12ADA95E800D57094 /* PlanetScreeContract.swift */,
				B09688BF2ADA95AA00D57094 /* PlanetsScreenPresenter.swift */,
				B08A0C342ABDDA7600DC8FC3 /* ViewController.swift */,
			);
			path = PlanetsScreen;
			sourceTree = "<group>";
		};
		B06612312AE01E9A00823736 /* CryptoListScreen */ = {
			isa = PBXGroup;
			children = (
				B06612322AE01EBC00823736 /* CryptoListPresenter.swift */,
				B06612342AE01ECB00823736 /* CryptoListContrarct.swift */,
				B06612362AE01EE800823736 /* CryptoLsitViewController.swift */,
				B06612382AE027FD00823736 /* CryptoListModel.swift */,
				2E5A1B302AE4584800ED00F4 /* CryptoTableViewCell.swift */,
				2E7FB4B82AEC401100903819 /* FavoritesManager.swift */,
			);
			path = CryptoListScreen;
			sourceTree = "<group>";
		};
		B08A0C242ABDDA7600DC8FC3 = {
			isa = PBXGroup;
			children = (
				B08A0C2F2ABDDA7600DC8FC3 /* LearningProject */,
				B08A0C2E2ABDDA7600DC8FC3 /* Products */,
			);
			sourceTree = "<group>";
		};
		B08A0C2E2ABDDA7600DC8FC3 /* Products */ = {
			isa = PBXGroup;
			children = (
				B08A0C2D2ABDDA7600DC8FC3 /* LearningProject.app */,
			);
			name = Products;
			sourceTree = "<group>";
		};
		B08A0C2F2ABDDA7600DC8FC3 /* LearningProject */ = {
			isa = PBXGroup;
			children = (
				B08A0C302ABDDA7600DC8FC3 /* AppDelegate.swift */,
				2E7FB4B72AEC24D600903819 /* CryptoDetailScreen */,
				B06612312AE01E9A00823736 /* CryptoListScreen */,
				B06612302AE01E7D00823736 /* PlanetsScreen */,
				B09688BC2ADA8C3A00D57094 /* New Group */,
				B08A0C392ABDDA7700DC8FC3 /* Assets.xcassets */,
				B08A0C3E2ABDDA7700DC8FC3 /* Info.plist */,
			);
			path = LearningProject;
			sourceTree = "<group>";
		};
		B09688BC2ADA8C3A00D57094 /* New Group */ = {
			isa = PBXGroup;
			children = (
				B09E14472AC5C329008FC1A7 /* ViewControllerB.swift */,
				B09E144B2AC5CB15008FC1A7 /* CustomImageView.swift */,
				B08A0C472ABDDB6600DC8FC3 /* NetworkManager.swift */,
			);
			path = "New Group";
			sourceTree = "<group>";
		};
/* End PBXGroup section */

/* Begin PBXNativeTarget section */
		B08A0C2C2ABDDA7600DC8FC3 /* LearningProject */ = {
			isa = PBXNativeTarget;
			buildConfigurationList = B08A0C412ABDDA7700DC8FC3 /* Build configuration list for PBXNativeTarget "LearningProject" */;
			buildPhases = (
				B08A0C292ABDDA7600DC8FC3 /* Sources */,
				B08A0C2A2ABDDA7600DC8FC3 /* Frameworks */,
				B08A0C2B2ABDDA7600DC8FC3 /* Resources */,
			);
			buildRules = (
			);
			dependencies = (
			);
			name = LearningProject;
			packageProductDependencies = (
				B08A0C452ABDDB4B00DC8FC3 /* Alamofire */,
				B08A0C4A2ABDDFE300DC8FC3 /* Kingfisher */,
				B08A0C4D2ABDE08000DC8FC3 /* SnapKit */,
			);
			productName = LearningProject;
			productReference = B08A0C2D2ABDDA7600DC8FC3 /* LearningProject.app */;
			productType = "com.apple.product-type.application";
		};
/* End PBXNativeTarget section */

/* Begin PBXProject section */
		B08A0C252ABDDA7600DC8FC3 /* Project object */ = {
			isa = PBXProject;
			attributes = {
				BuildIndependentTargetsInParallel = 1;
				LastSwiftUpdateCheck = 1430;
				LastUpgradeCheck = 1430;
				TargetAttributes = {
					B08A0C2C2ABDDA7600DC8FC3 = {
						CreatedOnToolsVersion = 14.3.1;
					};
				};
			};
			buildConfigurationList = B08A0C282ABDDA7600DC8FC3 /* Build configuration list for PBXProject "LearningProject" */;
			compatibilityVersion = "Xcode 14.0";
			developmentRegion = en;
			hasScannedForEncodings = 0;
			knownRegions = (
				en,
				Base,
			);
			mainGroup = B08A0C242ABDDA7600DC8FC3;
			packageReferences = (
				B08A0C442ABDDB4B00DC8FC3 /* XCRemoteSwiftPackageReference "Alamofire" */,
				B08A0C492ABDDFE300DC8FC3 /* XCRemoteSwiftPackageReference "Kingfisher" */,
				B08A0C4C2ABDE08000DC8FC3 /* XCRemoteSwiftPackageReference "SnapKit" */,
			);
			productRefGroup = B08A0C2E2ABDDA7600DC8FC3 /* Products */;
			projectDirPath = "";
			projectRoot = "";
			targets = (
				B08A0C2C2ABDDA7600DC8FC3 /* LearningProject */,
			);
		};
/* End PBXProject section */

/* Begin PBXResourcesBuildPhase section */
		B08A0C2B2ABDDA7600DC8FC3 /* Resources */ = {
			isa = PBXResourcesBuildPhase;
			buildActionMask = 2147483647;
			files = (
				B08A0C3A2ABDDA7700DC8FC3 /* Assets.xcassets in Resources */,
			);
			runOnlyForDeploymentPostprocessing = 0;
		};
/* End PBXResourcesBuildPhase section */

/* Begin PBXSourcesBuildPhase section */
		B08A0C292ABDDA7600DC8FC3 /* Sources */ = {
			isa = PBXSourcesBuildPhase;
			buildActionMask = 2147483647;
			files = (
				B09688C22ADA95E800D57094 /* PlanetScreeContract.swift in Sources */,
				B08A0C482ABDDB6600DC8FC3 /* NetworkManager.swift in Sources */,
				B09E14482AC5C329008FC1A7 /* ViewControllerB.swift in Sources */,
				B06612332AE01EBC00823736 /* CryptoListPresenter.swift in Sources */,
				B08A0C352ABDDA7600DC8FC3 /* ViewController.swift in Sources */,
				2ECB3A7E2AE321FA009EAA9C /* CryptoDetailViewController.swift in Sources */,
				2E5A1B312AE4584800ED00F4 /* CryptoTableViewCell.swift in Sources */,
				B08A0C312ABDDA7600DC8FC3 /* AppDelegate.swift in Sources */,
				B06612392AE027FD00823736 /* CryptoListModel.swift in Sources */,
				2E883C482AE84EDD00068659 /* DetailTableViewCell.swift in Sources */,
				B09E144C2AC5CB15008FC1A7 /* CustomImageView.swift in Sources */,
				B06612352AE01ECB00823736 /* CryptoListContrarct.swift in Sources */,
				B09688C02ADA95AA00D57094 /* PlanetsScreenPresenter.swift in Sources */,
				B09688BE2ADA8F2900D57094 /* PlanetModel.swift in Sources */,
				B06612372AE01EE800823736 /* CryptoLsitViewController.swift in Sources */,
				2E7FB4B92AEC401100903819 /* FavoritesManager.swift in Sources */,
			);
			runOnlyForDeploymentPostprocessing = 0;
		};
/* End PBXSourcesBuildPhase section */

/* Begin XCBuildConfiguration section */
		B08A0C3F2ABDDA7700DC8FC3 /* Debug */ = {
			isa = XCBuildConfiguration;
			buildSettings = {
				ALWAYS_SEARCH_USER_PATHS = NO;
				CLANG_ANALYZER_NONNULL = YES;
				CLANG_ANALYZER_NUMBER_OBJECT_CONVERSION = YES_AGGRESSIVE;
				CLANG_CXX_LANGUAGE_STANDARD = "gnu++20";
				CLANG_ENABLE_MODULES = YES;
				CLANG_ENABLE_OBJC_ARC = YES;
				CLANG_ENABLE_OBJC_WEAK = YES;
				CLANG_WARN_BLOCK_CAPTURE_AUTORELEASING = YES;
				CLANG_WARN_BOOL_CONVERSION = YES;
				CLANG_WARN_COMMA = YES;
				CLANG_WARN_CONSTANT_CONVERSION = YES;
				CLANG_WARN_DEPRECATED_OBJC_IMPLEMENTATIONS = YES;
				CLANG_WARN_DIRECT_OBJC_ISA_USAGE = YES_ERROR;
				CLANG_WARN_DOCUMENTATION_COMMENTS = YES;
				CLANG_WARN_EMPTY_BODY = YES;
				CLANG_WARN_ENUM_CONVERSION = YES;
				CLANG_WARN_INFINITE_RECURSION = YES;
				CLANG_WARN_INT_CONVERSION = YES;
				CLANG_WARN_NON_LITERAL_NULL_CONVERSION = YES;
				CLANG_WARN_OBJC_IMPLICIT_RETAIN_SELF = YES;
				CLANG_WARN_OBJC_LITERAL_CONVERSION = YES;
				CLANG_WARN_OBJC_ROOT_CLASS = YES_ERROR;
				CLANG_WARN_QUOTED_INCLUDE_IN_FRAMEWORK_HEADER = YES;
				CLANG_WARN_RANGE_LOOP_ANALYSIS = YES;
				CLANG_WARN_STRICT_PROTOTYPES = YES;
				CLANG_WARN_SUSPICIOUS_MOVE = YES;
				CLANG_WARN_UNGUARDED_AVAILABILITY = YES_AGGRESSIVE;
				CLANG_WARN_UNREACHABLE_CODE = YES;
				CLANG_WARN__DUPLICATE_METHOD_MATCH = YES;
				COPY_PHASE_STRIP = NO;
				DEBUG_INFORMATION_FORMAT = dwarf;
				ENABLE_STRICT_OBJC_MSGSEND = YES;
				ENABLE_TESTABILITY = YES;
				GCC_C_LANGUAGE_STANDARD = gnu11;
				GCC_DYNAMIC_NO_PIC = NO;
				GCC_NO_COMMON_BLOCKS = YES;
				GCC_OPTIMIZATION_LEVEL = 0;
				GCC_PREPROCESSOR_DEFINITIONS = (
					"DEBUG=1",
					"$(inherited)",
				);
				GCC_WARN_64_TO_32_BIT_CONVERSION = YES;
				GCC_WARN_ABOUT_RETURN_TYPE = YES_ERROR;
				GCC_WARN_UNDECLARED_SELECTOR = YES;
				GCC_WARN_UNINITIALIZED_AUTOS = YES_AGGRESSIVE;
				GCC_WARN_UNUSED_FUNCTION = YES;
				GCC_WARN_UNUSED_VARIABLE = YES;
				IPHONEOS_DEPLOYMENT_TARGET = 16.4;
				MTL_ENABLE_DEBUG_INFO = INCLUDE_SOURCE;
				MTL_FAST_MATH = YES;
				ONLY_ACTIVE_ARCH = YES;
				SDKROOT = iphoneos;
				SWIFT_ACTIVE_COMPILATION_CONDITIONS = DEBUG;
				SWIFT_OPTIMIZATION_LEVEL = "-Onone";
			};
			name = Debug;
		};
		B08A0C402ABDDA7700DC8FC3 /* Release */ = {
			isa = XCBuildConfiguration;
			buildSettings = {
				ALWAYS_SEARCH_USER_PATHS = NO;
				CLANG_ANALYZER_NONNULL = YES;
				CLANG_ANALYZER_NUMBER_OBJECT_CONVERSION = YES_AGGRESSIVE;
				CLANG_CXX_LANGUAGE_STANDARD = "gnu++20";
				CLANG_ENABLE_MODULES = YES;
				CLANG_ENABLE_OBJC_ARC = YES;
				CLANG_ENABLE_OBJC_WEAK = YES;
				CLANG_WARN_BLOCK_CAPTURE_AUTORELEASING = YES;
				CLANG_WARN_BOOL_CONVERSION = YES;
				CLANG_WARN_COMMA = YES;
				CLANG_WARN_CONSTANT_CONVERSION = YES;
				CLANG_WARN_DEPRECATED_OBJC_IMPLEMENTATIONS = YES;
				CLANG_WARN_DIRECT_OBJC_ISA_USAGE = YES_ERROR;
				CLANG_WARN_DOCUMENTATION_COMMENTS = YES;
				CLANG_WARN_EMPTY_BODY = YES;
				CLANG_WARN_ENUM_CONVERSION = YES;
				CLANG_WARN_INFINITE_RECURSION = YES;
				CLANG_WARN_INT_CONVERSION = YES;
				CLANG_WARN_NON_LITERAL_NULL_CONVERSION = YES;
				CLANG_WARN_OBJC_IMPLICIT_RETAIN_SELF = YES;
				CLANG_WARN_OBJC_LITERAL_CONVERSION = YES;
				CLANG_WARN_OBJC_ROOT_CLASS = YES_ERROR;
				CLANG_WARN_QUOTED_INCLUDE_IN_FRAMEWORK_HEADER = YES;
				CLANG_WARN_RANGE_LOOP_ANALYSIS = YES;
				CLANG_WARN_STRICT_PROTOTYPES = YES;
				CLANG_WARN_SUSPICIOUS_MOVE = YES;
				CLANG_WARN_UNGUARDED_AVAILABILITY = YES_AGGRESSIVE;
				CLANG_WARN_UNREACHABLE_CODE = YES;
				CLANG_WARN__DUPLICATE_METHOD_MATCH = YES;
				COPY_PHASE_STRIP = NO;
				DEBUG_INFORMATION_FORMAT = "dwarf-with-dsym";
				ENABLE_NS_ASSERTIONS = NO;
				ENABLE_STRICT_OBJC_MSGSEND = YES;
				GCC_C_LANGUAGE_STANDARD = gnu11;
				GCC_NO_COMMON_BLOCKS = YES;
				GCC_WARN_64_TO_32_BIT_CONVERSION = YES;
				GCC_WARN_ABOUT_RETURN_TYPE = YES_ERROR;
				GCC_WARN_UNDECLARED_SELECTOR = YES;
				GCC_WARN_UNINITIALIZED_AUTOS = YES_AGGRESSIVE;
				GCC_WARN_UNUSED_FUNCTION = YES;
				GCC_WARN_UNUSED_VARIABLE = YES;
				IPHONEOS_DEPLOYMENT_TARGET = 16.4;
				MTL_ENABLE_DEBUG_INFO = NO;
				MTL_FAST_MATH = YES;
				SDKROOT = iphoneos;
				SWIFT_COMPILATION_MODE = wholemodule;
				SWIFT_OPTIMIZATION_LEVEL = "-O";
				VALIDATE_PRODUCT = YES;
			};
			name = Release;
		};
		B08A0C422ABDDA7700DC8FC3 /* Debug */ = {
			isa = XCBuildConfiguration;
			buildSettings = {
				ASSETCATALOG_COMPILER_APPICON_NAME = AppIcon;
				ASSETCATALOG_COMPILER_GLOBAL_ACCENT_COLOR_NAME = AccentColor;
				CODE_SIGN_STYLE = Automatic;
				CURRENT_PROJECT_VERSION = 1;
				DEVELOPMENT_TEAM = 6ZB4DDC86D;
				GENERATE_INFOPLIST_FILE = YES;
				INFOPLIST_FILE = LearningProject/Info.plist;
				INFOPLIST_KEY_UIApplicationSupportsIndirectInputEvents = YES;
				INFOPLIST_KEY_UILaunchStoryboardName = LaunchScreen;
				INFOPLIST_KEY_UIMainStoryboardFile = "";
				INFOPLIST_KEY_UISupportedInterfaceOrientations_iPad = "UIInterfaceOrientationPortrait UIInterfaceOrientationPortraitUpsideDown UIInterfaceOrientationLandscapeLeft UIInterfaceOrientationLandscapeRight";
				INFOPLIST_KEY_UISupportedInterfaceOrientations_iPhone = "UIInterfaceOrientationPortrait UIInterfaceOrientationLandscapeLeft UIInterfaceOrientationLandscapeRight";
				LD_RUNPATH_SEARCH_PATHS = (
					"$(inherited)",
					"@executable_path/Frameworks",
				);
				MARKETING_VERSION = 1.0;
				PRODUCT_BUNDLE_IDENTIFIER = aldiyar.dev.LearningProject;
				PRODUCT_NAME = "$(TARGET_NAME)";
				SWIFT_EMIT_LOC_STRINGS = YES;
				SWIFT_VERSION = 5.0;
				TARGETED_DEVICE_FAMILY = "1,2";
			};
			name = Debug;
		};
		B08A0C432ABDDA7700DC8FC3 /* Release */ = {
			isa = XCBuildConfiguration;
			buildSettings = {
				ASSETCATALOG_COMPILER_APPICON_NAME = AppIcon;
				ASSETCATALOG_COMPILER_GLOBAL_ACCENT_COLOR_NAME = AccentColor;
				CODE_SIGN_STYLE = Automatic;
				CURRENT_PROJECT_VERSION = 1;
				DEVELOPMENT_TEAM = 6ZB4DDC86D;
				GENERATE_INFOPLIST_FILE = YES;
				INFOPLIST_FILE = LearningProject/Info.plist;
				INFOPLIST_KEY_UIApplicationSupportsIndirectInputEvents = YES;
				INFOPLIST_KEY_UILaunchStoryboardName = LaunchScreen;
				INFOPLIST_KEY_UIMainStoryboardFile = "";
				INFOPLIST_KEY_UISupportedInterfaceOrientations_iPad = "UIInterfaceOrientationPortrait UIInterfaceOrientationPortraitUpsideDown UIInterfaceOrientationLandscapeLeft UIInterfaceOrientationLandscapeRight";
				INFOPLIST_KEY_UISupportedInterfaceOrientations_iPhone = "UIInterfaceOrientationPortrait UIInterfaceOrientationLandscapeLeft UIInterfaceOrientationLandscapeRight";
				LD_RUNPATH_SEARCH_PATHS = (
					"$(inherited)",
					"@executable_path/Frameworks",
				);
				MARKETING_VERSION = 1.0;
				PRODUCT_BUNDLE_IDENTIFIER = aldiyar.dev.LearningProject;
				PRODUCT_NAME = "$(TARGET_NAME)";
				SWIFT_EMIT_LOC_STRINGS = YES;
				SWIFT_VERSION = 5.0;
				TARGETED_DEVICE_FAMILY = "1,2";
			};
			name = Release;
		};
/* End XCBuildConfiguration section */

/* Begin XCConfigurationList section */
		B08A0C282ABDDA7600DC8FC3 /* Build configuration list for PBXProject "LearningProject" */ = {
			isa = XCConfigurationList;
			buildConfigurations = (
				B08A0C3F2ABDDA7700DC8FC3 /* Debug */,
				B08A0C402ABDDA7700DC8FC3 /* Release */,
			);
			defaultConfigurationIsVisible = 0;
			defaultConfigurationName = Release;
		};
		B08A0C412ABDDA7700DC8FC3 /* Build configuration list for PBXNativeTarget "LearningProject" */ = {
			isa = XCConfigurationList;
			buildConfigurations = (
				B08A0C422ABDDA7700DC8FC3 /* Debug */,
				B08A0C432ABDDA7700DC8FC3 /* Release */,
			);
			defaultConfigurationIsVisible = 0;
			defaultConfigurationName = Release;
		};
/* End XCConfigurationList section */

/* Begin XCRemoteSwiftPackageReference section */
		B08A0C442ABDDB4B00DC8FC3 /* XCRemoteSwiftPackageReference "Alamofire" */ = {
			isa = XCRemoteSwiftPackageReference;
			repositoryURL = "https://github.com/Alamofire/Alamofire.git";
			requirement = {
				kind = upToNextMajorVersion;
				minimumVersion = 5.0.0;
			};
		};
		B08A0C492ABDDFE300DC8FC3 /* XCRemoteSwiftPackageReference "Kingfisher" */ = {
			isa = XCRemoteSwiftPackageReference;
			repositoryURL = "https://github.com/onevcat/Kingfisher.git";
			requirement = {
				kind = upToNextMajorVersion;
				minimumVersion = 7.0.0;
			};
		};
		B08A0C4C2ABDE08000DC8FC3 /* XCRemoteSwiftPackageReference "SnapKit" */ = {
			isa = XCRemoteSwiftPackageReference;
			repositoryURL = "https://github.com/SnapKit/SnapKit.git";
			requirement = {
				kind = upToNextMajorVersion;
				minimumVersion = 5.0.0;
			};
		};
/* End XCRemoteSwiftPackageReference section */

/* Begin XCSwiftPackageProductDependency section */
		B08A0C452ABDDB4B00DC8FC3 /* Alamofire */ = {
			isa = XCSwiftPackageProductDependency;
			package = B08A0C442ABDDB4B00DC8FC3 /* XCRemoteSwiftPackageReference "Alamofire" */;
			productName = Alamofire;
		};
		B08A0C4A2ABDDFE300DC8FC3 /* Kingfisher */ = {
			isa = XCSwiftPackageProductDependency;
			package = B08A0C492ABDDFE300DC8FC3 /* XCRemoteSwiftPackageReference "Kingfisher" */;
			productName = Kingfisher;
		};
		B08A0C4D2ABDE08000DC8FC3 /* SnapKit */ = {
			isa = XCSwiftPackageProductDependency;
			package = B08A0C4C2ABDE08000DC8FC3 /* XCRemoteSwiftPackageReference "SnapKit" */;
			productName = SnapKit;
		};
/* End XCSwiftPackageProductDependency section */
	};
	rootObject = B08A0C252ABDDA7600DC8FC3 /* Project object */;
}
